
Microsoft Visual Studio Solution File, Format Version 12.00
# Visual Studio Version 17
VisualStudioVersion = 17.0.31903.59
MinimumVisualStudioVersion = 10.0.40219.1
Project("{2150E333-8FDC-42A3-9474-1A3956D46DE8}") = "src", "src", "{827E0CD3-B72D-47B6-A68D-7590B98EB39B}"
EndProject
Project("{FAE04EC0-301F-11D3-BF4B-00C04F79EFBC}") = "MDPlayer.Fmp.Core", "src\MDPlayer.Fmp.Core\MDPlayer.Fmp.Core.csproj", "{CBCC591E-7965-40AD-8F90-E63949B99F8D}"
EndProject
Project("{FAE04EC0-301F-11D3-BF4B-00C04F79EFBC}") = "MDPlayer.Fmp.Cli", "src\MDPlayer.Fmp.Cli\MDPlayer.Fmp.Cli.csproj", "{A9B8D348-BE90-49EA-BF7F-27E6F7EC8DEE}"
EndProject
Project("{FAE04EC0-301F-11D3-BF4B-00C04F79EFBC}") = "MDPlayer.Fmp.Application", "src\MDPlayer.Fmp.Application\MDPlayer.Fmp.Application.csproj", "{0E6ED658-B4FA-47B0-BCDC-C677B24BF4C0}"
EndProject
Project("{2150E333-8FDC-42A3-9474-1A3956D46DE8}") = "tests", "tests", "{0AB3BF05-4346-4AA6-1389-037BE0695223}"
EndProject
Project("{FAE04EC0-301F-11D3-BF4B-00C04F79EFBC}") = "MDPlayer.Fmp.Application.Tests", "tests\MDPlayer.Fmp.Application.Tests\MDPlayer.Fmp.Application.Tests.csproj", "{AC33BE73-F778-45E1-AEEE-A86F4DD9CB02}"
EndProject
Project("{FAE04EC0-301F-11D3-BF4B-00C04F79EFBC}") = "MDPlayer.Fmp.Gui.Tests", "tests\MDPlayer.Fmp.Gui.Tests\MDPlayer.Fmp.Gui.Tests.csproj", "{302B16DA-C911-4DCD-A536-7506674B23DB}"
EndProject
Project("{FAE04EC0-301F-11D3-BF4B-00C04F79EFBC}") = "MDPlayer.Fmp.Gui", "src\MDPlayer.Fmp.Gui\MDPlayer.Fmp.Gui.csproj", "{51FCD6E8-2C29-424B-8D61-B0CFCA343837}"
EndProject
Project("{FAE04EC0-301F-11D3-BF4B-00C04F79EFBC}") = "MDPlayer.Fmp.Tests", "tests\MDPlayer.Fmp.Tests\MDPlayer.Fmp.Tests.csproj", "{BE10C9B7-C25C-4F72-97DE-DE1071D4F383}"
EndProject
Global
	GlobalSection(SolutionConfigurationPlatforms) = preSolution
		Debug|Any CPU = Debug|Any CPU
		Debug|x64 = Debug|x64
		Debug|x86 = Debug|x86
		Release|Any CPU = Release|Any CPU
		Release|x64 = Release|x64
		Release|x86 = Release|x86
	EndGlobalSection
	GlobalSection(ProjectConfigurationPlatforms) = postSolution
		{CBCC591E-7965-40AD-8F90-E63949B99F8D}.Debug|Any CPU.ActiveCfg = Debug|Any CPU
		{CBCC591E-7965-40AD-8F90-E63949B99F8D}.Debug|Any CPU.Build.0 = Debug|Any CPU
		{CBCC591E-7965-40AD-8F90-E63949B99F8D}.Debug|x64.ActiveCfg = Debug|Any CPU
		{CBCC591E-7965-40AD-8F90-E63949B99F8D}.Debug|x64.Build.0 = Debug|Any CPU
		{CBCC591E-7965-40AD-8F90-E63949B99F8D}.Debug|x86.ActiveCfg = Debug|Any CPU
		{CBCC591E-7965-40AD-8F90-E63949B99F8D}.Debug|x86.Build.0 = Debug|Any CPU
		{CBCC591E-7965-40AD-8F90-E63949B99F8D}.Release|Any CPU.ActiveCfg = Release|Any CPU
		{CBCC591E-7965-40AD-8F90-E63949B99F8D}.Release|Any CPU.Build.0 = Release|Any CPU
		{CBCC591E-7965-40AD-8F90-E63949B99F8D}.Release|x64.ActiveCfg = Release|Any CPU
		{CBCC591E-7965-40AD-8F90-E63949B99F8D}.Release|x64.Build.0 = Release|Any CPU
		{CBCC591E-7965-40AD-8F90-E63949B99F8D}.Release|x86.ActiveCfg = Release|Any CPU
		{CBCC591E-7965-40AD-8F90-E63949B99F8D}.Release|x86.Build.0 = Release|Any CPU
		{A9B8D348-BE90-49EA-BF7F-27E6F7EC8DEE}.Debug|Any CPU.ActiveCfg = Debug|Any CPU
		{A9B8D348-BE90-49EA-BF7F-27E6F7EC8DEE}.Debug|Any CPU.Build.0 = Debug|Any CPU
		{A9B8D348-BE90-49EA-BF7F-27E6F7EC8DEE}.Debug|x64.ActiveCfg = Debug|Any CPU
		{A9B8D348-BE90-49EA-BF7F-27E6F7EC8DEE}.Debug|x64.Build.0 = Debug|Any CPU
		{A9B8D348-BE90-49EA-BF7F-27E6F7EC8DEE}.Debug|x86.ActiveCfg = Debug|Any CPU
		{A9B8D348-BE90-49EA-BF7F-27E6F7EC8DEE}.Debug|x86.Build.0 = Debug|Any CPU
		{A9B8D348-BE90-49EA-BF7F-27E6F7EC8DEE}.Release|Any CPU.ActiveCfg = Release|Any CPU
		{A9B8D348-BE90-49EA-BF7F-27E6F7EC8DEE}.Release|Any CPU.Build.0 = Release|Any CPU
		{A9B8D348-BE90-49EA-BF7F-27E6F7EC8DEE}.Release|x64.ActiveCfg = Release|Any CPU
		{A9B8D348-BE90-49EA-BF7F-27E6F7EC8DEE}.Release|x64.Build.0 = Release|Any CPU
		{A9B8D348-BE90-49EA-BF7F-27E6F7EC8DEE}.Release|x86.ActiveCfg = Release|Any CPU
		{A9B8D348-BE90-49EA-BF7F-27E6F7EC8DEE}.Release|x86.Build.0 = Release|Any CPU
		{0E6ED658-B4FA-47B0-BCDC-C677B24BF4C0}.Debug|Any CPU.ActiveCfg = Debug|Any CPU
		{0E6ED658-B4FA-47B0-BCDC-C677B24BF4C0}.Debug|Any CPU.Build.0 = Debug|Any CPU
		{0E6ED658-B4FA-47B0-BCDC-C677B24BF4C0}.Debug|x64.ActiveCfg = Debug|Any CPU
		{0E6ED658-B4FA-47B0-BCDC-C677B24BF4C0}.Debug|x64.Build.0 = Debug|Any CPU
		{0E6ED658-B4FA-47B0-BCDC-C677B24BF4C0}.Debug|x86.ActiveCfg = Debug|Any CPU
		{0E6ED658-B4FA-47B0-BCDC-C677B24BF4C0}.Debug|x86.Build.0 = Debug|Any CPU
		{0E6ED658-B4FA-47B0-BCDC-C677B24BF4C0}.Release|Any CPU.ActiveCfg = Release|Any CPU
		{0E6ED658-B4FA-47B0-BCDC-C677B24BF4C0}.Release|Any CPU.Build.0 = Release|Any CPU
		{0E6ED658-B4FA-47B0-BCDC-C677B24BF4C0}.Release|x64.ActiveCfg = Release|Any CPU
		{0E6ED658-B4FA-47B0-BCDC-C677B24BF4C0}.Release|x64.Build.0 = Release|Any CPU
		{0E6ED658-B4FA-47B0-BCDC-C677B24BF4C0}.Release|x86.ActiveCfg = Release|Any CPU
		{0E6ED658-B4FA-47B0-BCDC-C677B24BF4C0}.Release|x86.Build.0 = Release|Any CPU
		{AC33BE73-F778-45E1-AEEE-A86F4DD9CB02}.Debug|Any CPU.ActiveCfg = Debug|Any CPU
		{AC33BE73-F778-45E1-AEEE-A86F4DD9CB02}.Debug|Any CPU.Build.0 = Debug|Any CPU
		{AC33BE73-F778-45E1-AEEE-A86F4DD9CB02}.Debug|x64.ActiveCfg = Debug|Any CPU
		{AC33BE73-F778-45E1-AEEE-A86F4DD9CB02}.Debug|x64.Build.0 = Debug|Any CPU
		{AC33BE73-F778-45E1-AEEE-A86F4DD9CB02}.Debug|x86.ActiveCfg = Debug|Any CPU
		{AC33BE73-F778-45E1-AEEE-A86F4DD9CB02}.Debug|x86.Build.0 = Debug|Any CPU
		{AC33BE73-F778-45E1-AEEE-A86F4DD9CB02}.Release|Any CPU.ActiveCfg = Release|Any CPU
		{AC33BE73-F778-45E1-AEEE-A86F4DD9CB02}.Release|Any CPU.Build.0 = Release|Any CPU
		{AC33BE73-F778-45E1-AEEE-A86F4DD9CB02}.Release|x64.ActiveCfg = Release|Any CPU
		{AC33BE73-F778-45E1-AEEE-A86F4DD9CB02}.Release|x64.Build.0 = Release|Any CPU
		{AC33BE73-F778-45E1-AEEE-A86F4DD9CB02}.Release|x86.ActiveCfg = Release|Any CPU
		{AC33BE73-F778-45E1-AEEE-A86F4DD9CB02}.Release|x86.Build.0 = Release|Any CPU
		{302B16DA-C911-4DCD-A536-7506674B23DB}.Debug|Any CPU.ActiveCfg = Debug|Any CPU
		{302B16DA-C911-4DCD-A536-7506674B23DB}.Debug|Any CPU.Build.0 = Debug|Any CPU
		{302B16DA-C911-4DCD-A536-7506674B23DB}.Debug|x64.ActiveCfg = Debug|Any CPU
		{302B16DA-C911-4DCD-A536-7506674B23DB}.Debug|x64.Build.0 = Debug|Any CPU
		{302B16DA-C911-4DCD-A536-7506674B23DB}.Debug|x86.ActiveCfg = Debug|Any CPU
		{302B16DA-C911-4DCD-A536-7506674B23DB}.Debug|x86.Build.0 = Debug|Any CPU
		{302B16DA-C911-4DCD-A536-7506674B23DB}.Release|Any CPU.ActiveCfg = Release|Any CPU
		{302B16DA-C911-4DCD-A536-7506674B23DB}.Release|Any CPU.Build.0 = Release|Any CPU
		{302B16DA-C911-4DCD-A536-7506674B23DB}.Release|x64.ActiveCfg = Release|Any CPU
		{302B16DA-C911-4DCD-A536-7506674B23DB}.Release|x64.Build.0 = Release|Any CPU
		{302B16DA-C911-4DCD-A536-7506674B23DB}.Release|x86.ActiveCfg = Release|Any CPU
		{302B16DA-C911-4DCD-A536-7506674B23DB}.Release|x86.Build.0 = Release|Any CPU
		{51FCD6E8-2C29-424B-8D61-B0CFCA343837}.Debug|Any CPU.ActiveCfg = Debug|Any CPU
		{51FCD6E8-2C29-424B-8D61-B0CFCA343837}.Debug|Any CPU.Build.0 = Debug|Any CPU
		{51FCD6E8-2C29-424B-8D61-B0CFCA343837}.Debug|x64.ActiveCfg = Debug|Any CPU
		{51FCD6E8-2C29-424B-8D61-B0CFCA343837}.Debug|x64.Build.0 = Debug|Any CPU
		{51FCD6E8-2C29-424B-8D61-B0CFCA343837}.Debug|x86.ActiveCfg = Debug|Any CPU
		{51FCD6E8-2C29-424B-8D61-B0CFCA343837}.Debug|x86.Build.0 = Debug|Any CPU
		{51FCD6E8-2C29-424B-8D61-B0CFCA343837}.Release|Any CPU.ActiveCfg = Release|Any CPU
		{51FCD6E8-2C29-424B-8D61-B0CFCA343837}.Release|Any CPU.Build.0 = Release|Any CPU
		{51FCD6E8-2C29-424B-8D61-B0CFCA343837}.Release|x64.ActiveCfg = Release|Any CPU
		{51FCD6E8-2C29-424B-8D61-B0CFCA343837}.Release|x64.Build.0 = Release|Any CPU
		{51FCD6E8-2C29-424B-8D61-B0CFCA343837}.Release|x86.ActiveCfg = Release|Any CPU
		{51FCD6E8-2C29-424B-8D61-B0CFCA343837}.Release|x86.Build.0 = Release|Any CPU
		{BE10C9B7-C25C-4F72-97DE-DE1071D4F383}.Debug|Any CPU.ActiveCfg = Debug|Any CPU
		{BE10C9B7-C25C-4F72-97DE-DE1071D4F383}.Debug|Any CPU.Build.0 = Debug|Any CPU
		{BE10C9B7-C25C-4F72-97DE-DE1071D4F383}.Debug|x64.ActiveCfg = Debug|Any CPU
		{BE10C9B7-C25C-4F72-97DE-DE1071D4F383}.Debug|x64.Build.0 = Debug|Any CPU
		{BE10C9B7-C25C-4F72-97DE-DE1071D4F383}.Debug|x86.ActiveCfg = Debug|Any CPU
		{BE10C9B7-C25C-4F72-97DE-DE1071D4F383}.Debug|x86.Build.0 = Debug|Any CPU
		{BE10C9B7-C25C-4F72-97DE-DE1071D4F383}.Release|Any CPU.ActiveCfg = Release|Any CPU
		{BE10C9B7-C25C-4F72-97DE-DE1071D4F383}.Release|Any CPU.Build.0 = Release|Any CPU
		{BE10C9B7-C25C-4F72-97DE-DE1071D4F383}.Release|x64.ActiveCfg = Release|Any CPU
		{BE10C9B7-C25C-4F72-97DE-DE1071D4F383}.Release|x64.Build.0 = Release|Any CPU
		{BE10C9B7-C25C-4F72-97DE-DE1071D4F383}.Release|x86.ActiveCfg = Release|Any CPU
		{BE10C9B7-C25C-4F72-97DE-DE1071D4F383}.Release|x86.Build.0 = Release|Any CPU
	EndGlobalSection
	GlobalSection(SolutionProperties) = preSolution
		HideSolutionNode = FALSE
	EndGlobalSection
	GlobalSection(NestedProjects) = preSolution
		{CBCC591E-7965-40AD-8F90-E63949B99F8D} = {827E0CD3-B72D-47B6-A68D-7590B98EB39B}
		{A9B8D348-BE90-49EA-BF7F-27E6F7EC8DEE} = {827E0CD3-B72D-47B6-A68D-7590B98EB39B}
		{0E6ED658-B4FA-47B0-BCDC-C677B24BF4C0} = {827E0CD3-B72D-47B6-A68D-7590B98EB39B}
		{AC33BE73-F778-45E1-AEEE-A86F4DD9CB02} = {0AB3BF05-4346-4AA6-1389-037BE0695223}
		{302B16DA-C911-4DCD-A536-7506674B23DB} = {0AB3BF05-4346-4AA6-1389-037BE0695223}
		{51FCD6E8-2C29-424B-8D61-B0CFCA343837} = {827E0CD3-B72D-47B6-A68D-7590B98EB39B}
		{BE10C9B7-C25C-4F72-97DE-DE1071D4F383} = {0AB3BF05-4346-4AA6-1389-037BE0695223}
	EndGlobalSection
EndGlobal
